
Microsoft Visual Studio Solution File, Format Version 12.00
# Visual Studio Version 17
VisualStudioVersion = 17.12.35527.113
MinimumVisualStudioVersion = 10.0.40219.1
Project("{FAE04EC0-301F-11D3-BF4B-00C04F79EFBC}") = "Youxel.Check.LicensesGenerator", "Youxel.Check.LicensesGenerator.csproj", "{B654DF56-9953-4C70-A7F6-F2B07281EDAD}"
EndProject
Global
	GlobalSection(SolutionConfigurationPlatforms) = preSolution
		Debug|Any CPU = Debug|Any CPU
		Release|Any CPU = Release|Any CPU
	EndGlobalSection
	GlobalSection(ProjectConfigurationPlatforms) = postSolution
		{B654DF56-9953-4C70-A7F6-F2B07281EDAD}.Debug|Any CPU.ActiveCfg = Debug|Any CPU
		{B654DF56-9953-4C70-A7F6-F2B07281EDAD}.Debug|Any CPU.Build.0 = Debug|Any CPU
		{B654DF56-9953-4C70-A7F6-F2B07281EDAD}.Release|Any CPU.ActiveCfg = Release|Any CPU
		{B654DF56-9953-4C70-A7F6-F2B07281EDAD}.Release|Any CPU.Build.0 = Release|Any CPU
	EndGlobalSection
	GlobalSection(SolutionProperties) = preSolution
		HideSolutionNode = FALSE
	EndGlobalSection
EndGlobal
